
Microsoft Visual Studio Solution File, Format Version 12.00
# Visual Studio Version 17
VisualStudioVersion = 17.8.34525.116
MinimumVisualStudioVersion = 10.0.40219.1
Project("{FAE04EC0-301F-11D3-BF4B-00C04F79EFBC}") = "CardPilkApp", "CardPilkApp\CardPilkApp.csproj", "{8BBC5FDB-5032-48C9-B04C-573A92A28F75}"
EndProject
Global
	GlobalSection(SolutionConfigurationPlatforms) = preSolution
		Debug|Any CPU = Debug|Any CPU
		Release|Any CPU = Release|Any CPU
	EndGlobalSection
	GlobalSection(ProjectConfigurationPlatforms) = postSolution
		{8BBC5FDB-5032-48C9-B04C-573A92A28F75}.Debug|Any CPU.ActiveCfg = Debug|Any CPU
		{8BBC5FDB-5032-48C9-B04C-573A92A28F75}.Debug|Any CPU.Build.0 = Debug|Any CPU
		{8BBC5FDB-5032-48C9-B04C-573A92A28F75}.Debug|Any CPU.Deploy.0 = Debug|Any CPU
		{8BBC5FDB-5032-48C9-B04C-573A92A28F75}.Release|Any CPU.ActiveCfg = Release|Any CPU
		{8BBC5FDB-5032-48C9-B04C-573A92A28F75}.Release|Any CPU.Build.0 = Release|Any CPU
		{8BBC5FDB-5032-48C9-B04C-573A92A28F75}.Release|Any CPU.Deploy.0 = Release|Any CPU
	EndGlobalSection
	GlobalSection(SolutionProperties) = preSolution
		HideSolutionNode = FALSE
	EndGlobalSection
	GlobalSection(ExtensibilityGlobals) = postSolution
		SolutionGuid = {CAA3AE9C-65EC-444F-AA84-77527B0D654E}
	EndGlobalSection
EndGlobal
